
Microsoft Visual Studio Solution File, Format Version 12.00
Project("{FAE04EC0-301F-11D3-BF4B-00C04F79EFBC}") = "SimulationRestaurant", "SimulationRestaurant\SimulationRestaurant.csproj", "{2DF96BE2-069A-445F-805B-3FD9EBF9F66A}"
EndProject
Project("{FAE04EC0-301F-11D3-BF4B-00C04F79EFBC}") = "SimulationCuisine", "SimulationCuisine\SimulationCuisine.csproj", "{A396BF72-7CCE-463B-9C7A-D7739071FDFE}"
EndProject
Project("{FAE04EC0-301F-11D3-BF4B-00C04F79EFBC}") = "MCI_Common", "MCI_Common\MCI_Common.csproj", "{F8DDC591-7856-4F38-AD48-E71EC4D41AA8}"
EndProject
Project("{FAE04EC0-301F-11D3-BF4B-00C04F79EFBC}") = "Room", "Room\Room.csproj", "{625346BC-5F96-4EFB-858F-96DC8AED28D9}"
EndProject
Global
	GlobalSection(SolutionConfigurationPlatforms) = preSolution
		Debug|Any CPU = Debug|Any CPU
		Release|Any CPU = Release|Any CPU
	EndGlobalSection
	GlobalSection(ProjectConfigurationPlatforms) = postSolution
		{2DF96BE2-069A-445F-805B-3FD9EBF9F66A}.Debug|Any CPU.ActiveCfg = Debug|Any CPU
		{2DF96BE2-069A-445F-805B-3FD9EBF9F66A}.Debug|Any CPU.Build.0 = Debug|Any CPU
		{2DF96BE2-069A-445F-805B-3FD9EBF9F66A}.Release|Any CPU.ActiveCfg = Release|Any CPU
		{2DF96BE2-069A-445F-805B-3FD9EBF9F66A}.Release|Any CPU.Build.0 = Release|Any CPU
		{A396BF72-7CCE-463B-9C7A-D7739071FDFE}.Debug|Any CPU.ActiveCfg = Debug|Any CPU
		{A396BF72-7CCE-463B-9C7A-D7739071FDFE}.Debug|Any CPU.Build.0 = Debug|Any CPU
		{A396BF72-7CCE-463B-9C7A-D7739071FDFE}.Release|Any CPU.ActiveCfg = Release|Any CPU
		{A396BF72-7CCE-463B-9C7A-D7739071FDFE}.Release|Any CPU.Build.0 = Release|Any CPU
		{F8DDC591-7856-4F38-AD48-E71EC4D41AA8}.Debug|Any CPU.ActiveCfg = Debug|Any CPU
		{F8DDC591-7856-4F38-AD48-E71EC4D41AA8}.Debug|Any CPU.Build.0 = Debug|Any CPU
		{F8DDC591-7856-4F38-AD48-E71EC4D41AA8}.Release|Any CPU.ActiveCfg = Release|Any CPU
		{F8DDC591-7856-4F38-AD48-E71EC4D41AA8}.Release|Any CPU.Build.0 = Release|Any CPU
		{625346BC-5F96-4EFB-858F-96DC8AED28D9}.Debug|Any CPU.ActiveCfg = Debug|Any CPU
		{625346BC-5F96-4EFB-858F-96DC8AED28D9}.Debug|Any CPU.Build.0 = Debug|Any CPU
		{625346BC-5F96-4EFB-858F-96DC8AED28D9}.Release|Any CPU.ActiveCfg = Release|Any CPU
		{625346BC-5F96-4EFB-858F-96DC8AED28D9}.Release|Any CPU.Build.0 = Release|Any CPU
	EndGlobalSection
EndGlobal
